
Microsoft Visual Studio Solution File, Format Version 12.00
# Visual Studio Version 17
VisualStudioVersion = 17.0.31903.59
MinimumVisualStudioVersion = 10.0.40219.1
Project("{9A19103F-16F7-4668-BE54-9A1E7A4F7556}") = "Ogu.AspNetCore.Response", "src\Ogu.AspNetCore.Response\Ogu.AspNetCore.Response.csproj", "{923034E7-D581-44F5-8D4B-5A88CF7252CD}"
EndProject
Project("{2150E333-8FDC-42A3-9474-1A3956D46DE8}") = "src", "src", "{0EE07E5E-8792-473F-96BB-23FEBA49E045}"
EndProject
Project("{9A19103F-16F7-4668-BE54-9A1E7A4F7556}") = "Ogu.AspNetCore.Response.Json", "src\Ogu.AspNetCore.Response.Json\Ogu.AspNetCore.Response.Json.csproj", "{3B96B287-F420-4D28-BFFE-E42CC32F8D94}"
EndProject
Global
	GlobalSection(SolutionConfigurationPlatforms) = preSolution
		Debug|Any CPU = Debug|Any CPU
		Release|Any CPU = Release|Any CPU
	EndGlobalSection
	GlobalSection(ProjectConfigurationPlatforms) = postSolution
		{923034E7-D581-44F5-8D4B-5A88CF7252CD}.Debug|Any CPU.ActiveCfg = Debug|Any CPU
		{923034E7-D581-44F5-8D4B-5A88CF7252CD}.Debug|Any CPU.Build.0 = Debug|Any CPU
		{923034E7-D581-44F5-8D4B-5A88CF7252CD}.Release|Any CPU.ActiveCfg = Release|Any CPU
		{923034E7-D581-44F5-8D4B-5A88CF7252CD}.Release|Any CPU.Build.0 = Release|Any CPU
		{3B96B287-F420-4D28-BFFE-E42CC32F8D94}.Debug|Any CPU.ActiveCfg = Debug|Any CPU
		{3B96B287-F420-4D28-BFFE-E42CC32F8D94}.Debug|Any CPU.Build.0 = Debug|Any CPU
		{3B96B287-F420-4D28-BFFE-E42CC32F8D94}.Release|Any CPU.ActiveCfg = Release|Any CPU
		{3B96B287-F420-4D28-BFFE-E42CC32F8D94}.Release|Any CPU.Build.0 = Release|Any CPU
	EndGlobalSection
	GlobalSection(SolutionProperties) = preSolution
		HideSolutionNode = FALSE
	EndGlobalSection
	GlobalSection(NestedProjects) = preSolution
		{923034E7-D581-44F5-8D4B-5A88CF7252CD} = {0EE07E5E-8792-473F-96BB-23FEBA49E045}
		{3B96B287-F420-4D28-BFFE-E42CC32F8D94} = {0EE07E5E-8792-473F-96BB-23FEBA49E045}
	EndGlobalSection
	GlobalSection(ExtensibilityGlobals) = postSolution
		SolutionGuid = {A5EA0F0E-BE29-4BED-B144-8FD494846159}
	EndGlobalSection
EndGlobal
